// !$*UTF8*$!
{
	archiveVersion = 1;
	classes = {
	};
	objectVersion = 50;
	objects = {

/* Begin PBXBuildFile section */
		47A610ED4A12C9098A29FDAF /* Pods_HappyPathKit.framework in Frameworks */ = {isa = PBXBuildFile; fileRef = EE5E7820AEFCD95A0CE99568 /* Pods_HappyPathKit.framework */; };
		924B51DA21CAAC5300A8464B /* AppDelegate.swift in Sources */ = {isa = PBXBuildFile; fileRef = 924B51D921CAAC5300A8464B /* AppDelegate.swift */; };
		924B51DC21CAAC5300A8464B /* ViewController.swift in Sources */ = {isa = PBXBuildFile; fileRef = 924B51DB21CAAC5300A8464B /* ViewController.swift */; };
		924B51DF21CAAC5300A8464B /* Main.storyboard in Resources */ = {isa = PBXBuildFile; fileRef = 924B51DD21CAAC5300A8464B /* Main.storyboard */; };
		924B51E121CAAC5400A8464B /* Assets.xcassets in Resources */ = {isa = PBXBuildFile; fileRef = 924B51E021CAAC5400A8464B /* Assets.xcassets */; };
		924B51E421CAAC5400A8464B /* LaunchScreen.storyboard in Resources */ = {isa = PBXBuildFile; fileRef = 924B51E221CAAC5400A8464B /* LaunchScreen.storyboard */; };
		924B51F521CAAED200A8464B /* HPConfiguration.swift in Sources */ = {isa = PBXBuildFile; fileRef = 924B51ED21CAAED200A8464B /* HPConfiguration.swift */; };
		924B51F621CAAED200A8464B /* HPFont.swift in Sources */ = {isa = PBXBuildFile; fileRef = 924B51EE21CAAED200A8464B /* HPFont.swift */; };
		924B51F721CAAED200A8464B /* HPComponentConfig.swift in Sources */ = {isa = PBXBuildFile; fileRef = 924B51EF21CAAED200A8464B /* HPComponentConfig.swift */; };
		924B51F821CAAED200A8464B /* HPColorEntity.swift in Sources */ = {isa = PBXBuildFile; fileRef = 924B51F021CAAED200A8464B /* HPColorEntity.swift */; };
		924B51F921CAAED200A8464B /* HPColor.swift in Sources */ = {isa = PBXBuildFile; fileRef = 924B51F121CAAED200A8464B /* HPColor.swift */; };
		924B51FB21CAAED200A8464B /* HPTextStyle.swift in Sources */ = {isa = PBXBuildFile; fileRef = 924B51F321CAAED200A8464B /* HPTextStyle.swift */; };
		924B51FC21CAAED200A8464B /* HPImportable.swift in Sources */ = {isa = PBXBuildFile; fileRef = 924B51F421CAAED200A8464B /* HPImportable.swift */; };
		92CFF99B21CAB6E00052CE86 /* SKLayer.swift in Sources */ = {isa = PBXBuildFile; fileRef = 92CFF99A21CAB6E00052CE86 /* SKLayer.swift */; };
/* End PBXBuildFile section */

/* Begin PBXFileReference section */
		5E9EAEC3F78CCEBEF440726D /* Pods-HappyPathKit.debug.xcconfig */ = {isa = PBXFileReference; includeInIndex = 1; lastKnownFileType = text.xcconfig; name = "Pods-HappyPathKit.debug.xcconfig"; path = "Pods/Target Support Files/Pods-HappyPathKit/Pods-HappyPathKit.debug.xcconfig"; sourceTree = "<group>"; };
		924B51D621CAAC5300A8464B /* HappyPathKit.app */ = {isa = PBXFileReference; explicitFileType = wrapper.application; includeInIndex = 0; path = HappyPathKit.app; sourceTree = BUILT_PRODUCTS_DIR; };
		924B51D921CAAC5300A8464B /* AppDelegate.swift */ = {isa = PBXFileReference; lastKnownFileType = sourcecode.swift; path = AppDelegate.swift; sourceTree = "<group>"; };
		924B51DB21CAAC5300A8464B /* ViewController.swift */ = {isa = PBXFileReference; lastKnownFileType = sourcecode.swift; path = ViewController.swift; sourceTree = "<group>"; };
		924B51DE21CAAC5300A8464B /* Base */ = {isa = PBXFileReference; lastKnownFileType = file.storyboard; name = Base; path = Base.lproj/Main.storyboard; sourceTree = "<group>"; };
		924B51E021CAAC5400A8464B /* Assets.xcassets */ = {isa = PBXFileReference; lastKnownFileType = folder.assetcatalog; path = Assets.xcassets; sourceTree = "<group>"; };
		924B51E321CAAC5400A8464B /* Base */ = {isa = PBXFileReference; lastKnownFileType = file.storyboard; name = Base; path = Base.lproj/LaunchScreen.storyboard; sourceTree = "<group>"; };
		924B51E521CAAC5400A8464B /* Info.plist */ = {isa = PBXFileReference; lastKnownFileType = text.plist.xml; path = Info.plist; sourceTree = "<group>"; };
		924B51ED21CAAED200A8464B /* HPConfiguration.swift */ = {isa = PBXFileReference; fileEncoding = 4; lastKnownFileType = sourcecode.swift; path = HPConfiguration.swift; sourceTree = "<group>"; };
		924B51EE21CAAED200A8464B /* HPFont.swift */ = {isa = PBXFileReference; fileEncoding = 4; lastKnownFileType = sourcecode.swift; path = HPFont.swift; sourceTree = "<group>"; };
		924B51EF21CAAED200A8464B /* HPComponentConfig.swift */ = {isa = PBXFileReference; fileEncoding = 4; lastKnownFileType = sourcecode.swift; path = HPComponentConfig.swift; sourceTree = "<group>"; };
		924B51F021CAAED200A8464B /* HPColorEntity.swift */ = {isa = PBXFileReference; fileEncoding = 4; lastKnownFileType = sourcecode.swift; path = HPColorEntity.swift; sourceTree = "<group>"; };
		924B51F121CAAED200A8464B /* HPColor.swift */ = {isa = PBXFileReference; fileEncoding = 4; lastKnownFileType = sourcecode.swift; path = HPColor.swift; sourceTree = "<group>"; };
		924B51F321CAAED200A8464B /* HPTextStyle.swift */ = {isa = PBXFileReference; fileEncoding = 4; lastKnownFileType = sourcecode.swift; path = HPTextStyle.swift; sourceTree = "<group>"; };
		924B51F421CAAED200A8464B /* HPImportable.swift */ = {isa = PBXFileReference; fileEncoding = 4; lastKnownFileType = sourcecode.swift; path = HPImportable.swift; sourceTree = "<group>"; };
		92CFF99A21CAB6E00052CE86 /* SKLayer.swift */ = {isa = PBXFileReference; fileEncoding = 4; lastKnownFileType = sourcecode.swift; path = SKLayer.swift; sourceTree = "<group>"; };
		EE5E7820AEFCD95A0CE99568 /* Pods_HappyPathKit.framework */ = {isa = PBXFileReference; explicitFileType = wrapper.framework; includeInIndex = 0; path = Pods_HappyPathKit.framework; sourceTree = BUILT_PRODUCTS_DIR; };
		F220D03FD853B385C5376F08 /* Pods-HappyPathKit.release.xcconfig */ = {isa = PBXFileReference; includeInIndex = 1; lastKnownFileType = text.xcconfig; name = "Pods-HappyPathKit.release.xcconfig"; path = "Pods/Target Support Files/Pods-HappyPathKit/Pods-HappyPathKit.release.xcconfig"; sourceTree = "<group>"; };
/* End PBXFileReference section */

/* Begin PBXFrameworksBuildPhase section */
		924B51D321CAAC5300A8464B /* Frameworks */ = {
			isa = PBXFrameworksBuildPhase;
			buildActionMask = 2147483647;
			files = (
				47A610ED4A12C9098A29FDAF /* Pods_HappyPathKit.framework in Frameworks */,
			);
			runOnlyForDeploymentPostprocessing = 0;
		};
/* End PBXFrameworksBuildPhase section */

/* Begin PBXGroup section */
		0EF6419A12CA1D09A1B8D619 /* Pods */ = {
			isa = PBXGroup;
			children = (
				5E9EAEC3F78CCEBEF440726D /* Pods-HappyPathKit.debug.xcconfig */,
				F220D03FD853B385C5376F08 /* Pods-HappyPathKit.release.xcconfig */,
			);
			name = Pods;
			sourceTree = "<group>";
		};
		2B0299D4EE3A44AEEFC99000 /* Frameworks */ = {
			isa = PBXGroup;
			children = (
				EE5E7820AEFCD95A0CE99568 /* Pods_HappyPathKit.framework */,
			);
			name = Frameworks;
			sourceTree = "<group>";
		};
		924B51CD21CAAC5300A8464B = {
			isa = PBXGroup;
			children = (
				924B51D821CAAC5300A8464B /* HappyPathKit */,
				924B51D721CAAC5300A8464B /* Products */,
				0EF6419A12CA1D09A1B8D619 /* Pods */,
				2B0299D4EE3A44AEEFC99000 /* Frameworks */,
			);
			sourceTree = "<group>";
		};
		924B51D721CAAC5300A8464B /* Products */ = {
			isa = PBXGroup;
			children = (
				924B51D621CAAC5300A8464B /* HappyPathKit.app */,
			);
			name = Products;
			sourceTree = "<group>";
		};
		924B51D821CAAC5300A8464B /* HappyPathKit */ = {
			isa = PBXGroup;
			children = (
				924B51EB21CAAEA100A8464B /* Source */,
				924B51D921CAAC5300A8464B /* AppDelegate.swift */,
				924B51DB21CAAC5300A8464B /* ViewController.swift */,
				924B51DD21CAAC5300A8464B /* Main.storyboard */,
				924B51E021CAAC5400A8464B /* Assets.xcassets */,
				924B51E221CAAC5400A8464B /* LaunchScreen.storyboard */,
				924B51E521CAAC5400A8464B /* Info.plist */,
			);
			path = HappyPathKit;
			sourceTree = "<group>";
		};
		924B51EB21CAAEA100A8464B /* Source */ = {
			isa = PBXGroup;
			children = (
				924B51EC21CAAED200A8464B /* Models */,
			);
			name = Source;
			path = ../Source;
			sourceTree = "<group>";
		};
		924B51EC21CAAED200A8464B /* Models */ = {
			isa = PBXGroup;
			children = (
				924B51ED21CAAED200A8464B /* HPConfiguration.swift */,
				924B51EE21CAAED200A8464B /* HPFont.swift */,
				924B51EF21CAAED200A8464B /* HPComponentConfig.swift */,
				924B51F021CAAED200A8464B /* HPColorEntity.swift */,
				924B51F121CAAED200A8464B /* HPColor.swift */,
				924B51F321CAAED200A8464B /* HPTextStyle.swift */,
				924B51F421CAAED200A8464B /* HPImportable.swift */,
				92CFF99A21CAB6E00052CE86 /* SKLayer.swift */,
			);
			path = Models;
			sourceTree = "<group>";
		};
/* End PBXGroup section */

/* Begin PBXNativeTarget section */
		924B51D521CAAC5300A8464B /* HappyPathKit */ = {
			isa = PBXNativeTarget;
			buildConfigurationList = 924B51E821CAAC5400A8464B /* Build configuration list for PBXNativeTarget "HappyPathKit" */;
			buildPhases = (
				A52DB005DD5CB295D09FE17D /* [CP] Check Pods Manifest.lock */,
				924B51D221CAAC5300A8464B /* Sources */,
				924B51D321CAAC5300A8464B /* Frameworks */,
				924B51D421CAAC5300A8464B /* Resources */,
				14FEAB6C3079593D30A979CA /* [CP] Embed Pods Frameworks */,
				2CA097B32827D8F9DC356F59 /* [CP] Copy Pods Resources */,
			);
			buildRules = (
			);
			dependencies = (
			);
			name = HappyPathKit;
			productName = HappyPathKit;
			productReference = 924B51D621CAAC5300A8464B /* HappyPathKit.app */;
			productType = "com.apple.product-type.application";
		};
/* End PBXNativeTarget section */

/* Begin PBXProject section */
		924B51CE21CAAC5300A8464B /* Project object */ = {
			isa = PBXProject;
			attributes = {
				LastSwiftUpdateCheck = 1010;
				LastUpgradeCheck = 1010;
				ORGANIZATIONNAME = "Pixelbleed LLC";
				TargetAttributes = {
					924B51D521CAAC5300A8464B = {
						CreatedOnToolsVersion = 10.1;
					};
				};
			};
			buildConfigurationList = 924B51D121CAAC5300A8464B /* Build configuration list for PBXProject "HappyPathKit" */;
			compatibilityVersion = "Xcode 9.3";
			developmentRegion = en;
			hasScannedForEncodings = 0;
			knownRegions = (
				en,
				Base,
			);
			mainGroup = 924B51CD21CAAC5300A8464B;
			productRefGroup = 924B51D721CAAC5300A8464B /* Products */;
			projectDirPath = "";
			projectRoot = "";
			targets = (
				924B51D521CAAC5300A8464B /* HappyPathKit */,
			);
		};
/* End PBXProject section */

/* Begin PBXResourcesBuildPhase section */
		924B51D421CAAC5300A8464B /* Resources */ = {
			isa = PBXResourcesBuildPhase;
			buildActionMask = 2147483647;
			files = (
				924B51E421CAAC5400A8464B /* LaunchScreen.storyboard in Resources */,
				924B51E121CAAC5400A8464B /* Assets.xcassets in Resources */,
				924B51DF21CAAC5300A8464B /* Main.storyboard in Resources */,
			);
			runOnlyForDeploymentPostprocessing = 0;
		};
/* End PBXResourcesBuildPhase section */

/* Begin PBXShellScriptBuildPhase section */
		14FEAB6C3079593D30A979CA /* [CP] Embed Pods Frameworks */ = {
			isa = PBXShellScriptBuildPhase;
			buildActionMask = 2147483647;
			files = (
			);
			inputPaths = (
				"${SRCROOT}/Pods/Target Support Files/Pods-HappyPathKit/Pods-HappyPathKit-frameworks.sh",
				"${BUILT_PRODUCTS_DIR}/Nub/Nub.framework",
			);
			name = "[CP] Embed Pods Frameworks";
			outputPaths = (
				"${TARGET_BUILD_DIR}/${FRAMEWORKS_FOLDER_PATH}/Nub.framework",
			);
			runOnlyForDeploymentPostprocessing = 0;
			shellPath = /bin/sh;
			shellScript = "\"${SRCROOT}/Pods/Target Support Files/Pods-HappyPathKit/Pods-HappyPathKit-frameworks.sh\"\n";
			showEnvVarsInLog = 0;
		};
		2CA097B32827D8F9DC356F59 /* [CP] Copy Pods Resources */ = {
			isa = PBXShellScriptBuildPhase;
			buildActionMask = 2147483647;
			files = (
			);
			inputPaths = (
			);
			name = "[CP] Copy Pods Resources";
			outputPaths = (
			);
			runOnlyForDeploymentPostprocessing = 0;
			shellPath = /bin/sh;
			shellScript = "\"${SRCROOT}/Pods/Target Support Files/Pods-HappyPathKit/Pods-HappyPathKit-resources.sh\"\n";
			showEnvVarsInLog = 0;
		};
		A52DB005DD5CB295D09FE17D /* [CP] Check Pods Manifest.lock */ = {
			isa = PBXShellScriptBuildPhase;
			buildActionMask = 2147483647;
			files = (
			);
			inputPaths = (
				"${PODS_PODFILE_DIR_PATH}/Podfile.lock",
				"${PODS_ROOT}/Manifest.lock",
			);
			name = "[CP] Check Pods Manifest.lock";
			outputPaths = (
				"$(DERIVED_FILE_DIR)/Pods-HappyPathKit-checkManifestLockResult.txt",
			);
			runOnlyForDeploymentPostprocessing = 0;
			shellPath = /bin/sh;
			shellScript = "diff \"${PODS_PODFILE_DIR_PATH}/Podfile.lock\" \"${PODS_ROOT}/Manifest.lock\" > /dev/null\nif [ $? != 0 ] ; then\n    # print error to STDERR\n    echo \"error: The sandbox is not in sync with the Podfile.lock. Run 'pod install' or update your CocoaPods installation.\" >&2\n    exit 1\nfi\n# This output is used by Xcode 'outputs' to avoid re-running this script phase.\necho \"SUCCESS\" > \"${SCRIPT_OUTPUT_FILE_0}\"\n";
			showEnvVarsInLog = 0;
		};
/* End PBXShellScriptBuildPhase section */

/* Begin PBXSourcesBuildPhase section */
		924B51D221CAAC5300A8464B /* Sources */ = {
			isa = PBXSourcesBuildPhase;
			buildActionMask = 2147483647;
			files = (
				924B51FC21CAAED200A8464B /* HPImportable.swift in Sources */,
				924B51FB21CAAED200A8464B /* HPTextStyle.swift in Sources */,
				924B51F821CAAED200A8464B /* HPColorEntity.swift in Sources */,
				924B51DC21CAAC5300A8464B /* ViewController.swift in Sources */,
				924B51DA21CAAC5300A8464B /* AppDelegate.swift in Sources */,
				92CFF99B21CAB6E00052CE86 /* SKLayer.swift in Sources */,
				924B51F621CAAED200A8464B /* HPFont.swift in Sources */,
				924B51F521CAAED200A8464B /* HPConfiguration.swift in Sources */,
				924B51F921CAAED200A8464B /* HPColor.swift in Sources */,
				924B51F721CAAED200A8464B /* HPComponentConfig.swift in Sources */,
			);
			runOnlyForDeploymentPostprocessing = 0;
		};
/* End PBXSourcesBuildPhase section */

/* Begin PBXVariantGroup section */
		924B51DD21CAAC5300A8464B /* Main.storyboard */ = {
			isa = PBXVariantGroup;
			children = (
				924B51DE21CAAC5300A8464B /* Base */,
			);
			name = Main.storyboard;
			sourceTree = "<group>";
		};
		924B51E221CAAC5400A8464B /* LaunchScreen.storyboard */ = {
			isa = PBXVariantGroup;
			children = (
				924B51E321CAAC5400A8464B /* Base */,
			);
			name = LaunchScreen.storyboard;
			sourceTree = "<group>";
		};
/* End PBXVariantGroup section */

/* Begin XCBuildConfiguration section */
		924B51E621CAAC5400A8464B /* Debug */ = {
			isa = XCBuildConfiguration;
			buildSettings = {
				ALWAYS_SEARCH_USER_PATHS = NO;
				CLANG_ANALYZER_NONNULL = YES;
				CLANG_ANALYZER_NUMBER_OBJECT_CONVERSION = YES_AGGRESSIVE;
				CLANG_CXX_LANGUAGE_STANDARD = "gnu++14";
				CLANG_CXX_LIBRARY = "libc++";
				CLANG_ENABLE_MODULES = YES;
				CLANG_ENABLE_OBJC_ARC = YES;
				CLANG_ENABLE_OBJC_WEAK = YES;
				CLANG_WARN_BLOCK_CAPTURE_AUTORELEASING = YES;
				CLANG_WARN_BOOL_CONVERSION = YES;
				CLANG_WARN_COMMA = YES;
				CLANG_WARN_CONSTANT_CONVERSION = YES;
				CLANG_WARN_DEPRECATED_OBJC_IMPLEMENTATIONS = YES;
				CLANG_WARN_DIRECT_OBJC_ISA_USAGE = YES_ERROR;
				CLANG_WARN_DOCUMENTATION_COMMENTS = YES;
				CLANG_WARN_EMPTY_BODY = YES;
				CLANG_WARN_ENUM_CONVERSION = YES;
				CLANG_WARN_INFINITE_RECURSION = YES;
				CLANG_WARN_INT_CONVERSION = YES;
				CLANG_WARN_NON_LITERAL_NULL_CONVERSION = YES;
				CLANG_WARN_OBJC_IMPLICIT_RETAIN_SELF = YES;
				CLANG_WARN_OBJC_LITERAL_CONVERSION = YES;
				CLANG_WARN_OBJC_ROOT_CLASS = YES_ERROR;
				CLANG_WARN_RANGE_LOOP_ANALYSIS = YES;
				CLANG_WARN_STRICT_PROTOTYPES = YES;
				CLANG_WARN_SUSPICIOUS_MOVE = YES;
				CLANG_WARN_UNGUARDED_AVAILABILITY = YES_AGGRESSIVE;
				CLANG_WARN_UNREACHABLE_CODE = YES;
				CLANG_WARN__DUPLICATE_METHOD_MATCH = YES;
				CODE_SIGN_IDENTITY = "iPhone Developer";
				COPY_PHASE_STRIP = NO;
				DEBUG_INFORMATION_FORMAT = dwarf;
				ENABLE_STRICT_OBJC_MSGSEND = YES;
				ENABLE_TESTABILITY = YES;
				GCC_C_LANGUAGE_STANDARD = gnu11;
				GCC_DYNAMIC_NO_PIC = NO;
				GCC_NO_COMMON_BLOCKS = YES;
				GCC_OPTIMIZATION_LEVEL = 0;
				GCC_PREPROCESSOR_DEFINITIONS = (
					"DEBUG=1",
					"$(inherited)",
				);
				GCC_WARN_64_TO_32_BIT_CONVERSION = YES;
				GCC_WARN_ABOUT_RETURN_TYPE = YES_ERROR;
				GCC_WARN_UNDECLARED_SELECTOR = YES;
				GCC_WARN_UNINITIALIZED_AUTOS = YES_AGGRESSIVE;
				GCC_WARN_UNUSED_FUNCTION = YES;
				GCC_WARN_UNUSED_VARIABLE = YES;
				IPHONEOS_DEPLOYMENT_TARGET = 12.1;
				MTL_ENABLE_DEBUG_INFO = INCLUDE_SOURCE;
				MTL_FAST_MATH = YES;
				ONLY_ACTIVE_ARCH = YES;
				SDKROOT = iphoneos;
				SWIFT_ACTIVE_COMPILATION_CONDITIONS = DEBUG;
				SWIFT_OPTIMIZATION_LEVEL = "-Onone";
			};
			name = Debug;
		};
		924B51E721CAAC5400A8464B /* Release */ = {
			isa = XCBuildConfiguration;
			buildSettings = {
				ALWAYS_SEARCH_USER_PATHS = NO;
				CLANG_ANALYZER_NONNULL = YES;
				CLANG_ANALYZER_NUMBER_OBJECT_CONVERSION = YES_AGGRESSIVE;
				CLANG_CXX_LANGUAGE_STANDARD = "gnu++14";
				CLANG_CXX_LIBRARY = "libc++";
				CLANG_ENABLE_MODULES = YES;
				CLANG_ENABLE_OBJC_ARC = YES;
				CLANG_ENABLE_OBJC_WEAK = YES;
				CLANG_WARN_BLOCK_CAPTURE_AUTORELEASING = YES;
				CLANG_WARN_BOOL_CONVERSION = YES;
				CLANG_WARN_COMMA = YES;
				CLANG_WARN_CONSTANT_CONVERSION = YES;
				CLANG_WARN_DEPRECATED_OBJC_IMPLEMENTATIONS = YES;
				CLANG_WARN_DIRECT_OBJC_ISA_USAGE = YES_ERROR;
				CLANG_WARN_DOCUMENTATION_COMMENTS = YES;
				CLANG_WARN_EMPTY_BODY = YES;
				CLANG_WARN_ENUM_CONVERSION = YES;
				CLANG_WARN_INFINITE_RECURSION = YES;
				CLANG_WARN_INT_CONVERSION = YES;
				CLANG_WARN_NON_LITERAL_NULL_CONVERSION = YES;
				CLANG_WARN_OBJC_IMPLICIT_RETAIN_SELF = YES;
				CLANG_WARN_OBJC_LITERAL_CONVERSION = YES;
				CLANG_WARN_OBJC_ROOT_CLASS = YES_ERROR;
				CLANG_WARN_RANGE_LOOP_ANALYSIS = YES;
				CLANG_WARN_STRICT_PROTOTYPES = YES;
				CLANG_WARN_SUSPICIOUS_MOVE = YES;
				CLANG_WARN_UNGUARDED_AVAILABILITY = YES_AGGRESSIVE;
				CLANG_WARN_UNREACHABLE_CODE = YES;
				CLANG_WARN__DUPLICATE_METHOD_MATCH = YES;
				CODE_SIGN_IDENTITY = "iPhone Developer";
				COPY_PHASE_STRIP = NO;
				DEBUG_INFORMATION_FORMAT = "dwarf-with-dsym";
				ENABLE_NS_ASSERTIONS = NO;
				ENABLE_STRICT_OBJC_MSGSEND = YES;
				GCC_C_LANGUAGE_STANDARD = gnu11;
				GCC_NO_COMMON_BLOCKS = YES;
				GCC_WARN_64_TO_32_BIT_CONVERSION = YES;
				GCC_WARN_ABOUT_RETURN_TYPE = YES_ERROR;
				GCC_WARN_UNDECLARED_SELECTOR = YES;
				GCC_WARN_UNINITIALIZED_AUTOS = YES_AGGRESSIVE;
				GCC_WARN_UNUSED_FUNCTION = YES;
				GCC_WARN_UNUSED_VARIABLE = YES;
				IPHONEOS_DEPLOYMENT_TARGET = 12.1;
				MTL_ENABLE_DEBUG_INFO = NO;
				MTL_FAST_MATH = YES;
				SDKROOT = iphoneos;
				SWIFT_COMPILATION_MODE = wholemodule;
				SWIFT_OPTIMIZATION_LEVEL = "-O";
				VALIDATE_PRODUCT = YES;
			};
			name = Release;
		};
		924B51E921CAAC5400A8464B /* Debug */ = {
			isa = XCBuildConfiguration;
			baseConfigurationReference = 5E9EAEC3F78CCEBEF440726D /* Pods-HappyPathKit.debug.xcconfig */;
			buildSettings = {
				ASSETCATALOG_COMPILER_APPICON_NAME = AppIcon;
				CODE_SIGN_STYLE = Automatic;
				DEVELOPMENT_TEAM = 5ES339A7SN;
				INFOPLIST_FILE = HappyPathKit/Info.plist;
				LD_RUNPATH_SEARCH_PATHS = (
					"$(inherited)",
					"@executable_path/Frameworks",
				);
				PRODUCT_BUNDLE_IDENTIFIER = com.pixelbleed.HappyPathKit;
				PRODUCT_NAME = "$(TARGET_NAME)";
				SWIFT_VERSION = 4.2;
				TARGETED_DEVICE_FAMILY = "1,2";
			};
			name = Debug;
		};
		924B51EA21CAAC5400A8464B /* Release */ = {
			isa = XCBuildConfiguration;
			baseConfigurationReference = F220D03FD853B385C5376F08 /* Pods-HappyPathKit.release.xcconfig */;
			buildSettings = {
				ASSETCATALOG_COMPILER_APPICON_NAME = AppIcon;
				CODE_SIGN_STYLE = Automatic;
				DEVELOPMENT_TEAM = 5ES339A7SN;
				INFOPLIST_FILE = HappyPathKit/Info.plist;
				LD_RUNPATH_SEARCH_PATHS = (
					"$(inherited)",
					"@executable_path/Frameworks",
				);
				PRODUCT_BUNDLE_IDENTIFIER = com.pixelbleed.HappyPathKit;
				PRODUCT_NAME = "$(TARGET_NAME)";
				SWIFT_VERSION = 4.2;
				TARGETED_DEVICE_FAMILY = "1,2";
			};
			name = Release;
		};
/* End XCBuildConfiguration section */

/* Begin XCConfigurationList section */
		924B51D121CAAC5300A8464B /* Build configuration list for PBXProject "HappyPathKit" */ = {
			isa = XCConfigurationList;
			buildConfigurations = (
				924B51E621CAAC5400A8464B /* Debug */,
				924B51E721CAAC5400A8464B /* Release */,
			);
			defaultConfigurationIsVisible = 0;
			defaultConfigurationName = Release;
		};
		924B51E821CAAC5400A8464B /* Build configuration list for PBXNativeTarget "HappyPathKit" */ = {
			isa = XCConfigurationList;
			buildConfigurations = (
				924B51E921CAAC5400A8464B /* Debug */,
				924B51EA21CAAC5400A8464B /* Release */,
			);
			defaultConfigurationIsVisible = 0;
			defaultConfigurationName = Release;
		};
/* End XCConfigurationList section */
	};
	rootObject = 924B51CE21CAAC5300A8464B /* Project object */;
}
