// !$*UTF8*$!
{
	archiveVersion = 1;
	classes = {
	};
	objectVersion = 50;
	objects = {

/* Begin PBXBuildFile section */
		47A610ED4A12C9098A29FDAF /* Pods_HappyPathKit.framework in Frameworks */ = {isa = PBXBuildFile; fileRef = EE5E7820AEFCD95A0CE99568 /* Pods_HappyPathKit.framework */; };
		921E3B7F21D77D1A00EB58AC /* HPPage.swift in Sources */ = {isa = PBXBuildFile; fileRef = 921E3B7E21D77D1A00EB58AC /* HPPage.swift */; };
		9226CF8421CDB24800DBB143 /* HPConstraint.swift in Sources */ = {isa = PBXBuildFile; fileRef = 9226CF8121CDB24800DBB143 /* HPConstraint.swift */; };
		9226CF9621CEC0E300DBB143 /* HPLayoutFactory.swift in Sources */ = {isa = PBXBuildFile; fileRef = 9226CF9521CEC0E300DBB143 /* HPLayoutFactory.swift */; };
		9226CF9821CEC0F200DBB143 /* HPViewLayout.swift in Sources */ = {isa = PBXBuildFile; fileRef = 9226CF9721CEC0F200DBB143 /* HPViewLayout.swift */; };
		9226CFA821CEC53E00DBB143 /* HPViewConstraint.swift in Sources */ = {isa = PBXBuildFile; fileRef = 9226CFA721CEC53E00DBB143 /* HPViewConstraint.swift */; };
		9226CFEA21D04E0300DBB143 /* HPBorder.swift in Sources */ = {isa = PBXBuildFile; fileRef = 9226CFDD21D04E0200DBB143 /* HPBorder.swift */; };
		9226CFEC21D04E0300DBB143 /* HPLayerTransformer.swift in Sources */ = {isa = PBXBuildFile; fileRef = 9226CFDF21D04E0200DBB143 /* HPLayerTransformer.swift */; };
		9226CFEE21D04E0300DBB143 /* HPStop.swift in Sources */ = {isa = PBXBuildFile; fileRef = 9226CFE121D04E0200DBB143 /* HPStop.swift */; };
		9226CFF021D04E0300DBB143 /* HPLayer.swift in Sources */ = {isa = PBXBuildFile; fileRef = 9226CFE321D04E0200DBB143 /* HPLayer.swift */; };
		9226CFF121D04E0300DBB143 /* HPFill.swift in Sources */ = {isa = PBXBuildFile; fileRef = 9226CFE421D04E0200DBB143 /* HPFill.swift */; };
		9226CFF221D04E0300DBB143 /* HPGradient.swift in Sources */ = {isa = PBXBuildFile; fileRef = 9226CFE521D04E0200DBB143 /* HPGradient.swift */; };
		9226CFF521D04E0300DBB143 /* HPStyle.swift in Sources */ = {isa = PBXBuildFile; fileRef = 9226CFE821D04E0200DBB143 /* HPStyle.swift */; };
		9226CFF921D04FD000DBB143 /* HPLayout.swift in Sources */ = {isa = PBXBuildFile; fileRef = 9226CFF821D04FD000DBB143 /* HPLayout.swift */; };
		9226D01F21D17D5300DBB143 /* HPSimpleConstraint.swift in Sources */ = {isa = PBXBuildFile; fileRef = 9226D01E21D17D5300DBB143 /* HPSimpleConstraint.swift */; };
		9226D02121D17EA400DBB143 /* HPSimpleProportionalConstraint.swift in Sources */ = {isa = PBXBuildFile; fileRef = 9226D02021D17EA400DBB143 /* HPSimpleProportionalConstraint.swift */; };
		9226D02321D181A000DBB143 /* HPPairedConstraint.swift in Sources */ = {isa = PBXBuildFile; fileRef = 9226D02221D181A000DBB143 /* HPPairedConstraint.swift */; };
		9226D02521D184D300DBB143 /* HPPairedProportionalConstraint.swift in Sources */ = {isa = PBXBuildFile; fileRef = 9226D02421D184D300DBB143 /* HPPairedProportionalConstraint.swift */; };
		9228C79421E75937004F99EC /* Swift+Utils.swift in Sources */ = {isa = PBXBuildFile; fileRef = 9228C79321E75937004F99EC /* Swift+Utils.swift */; };
		9228C7A621E7945C004F99EC /* String+HPK.swift in Sources */ = {isa = PBXBuildFile; fileRef = 9228C7A521E7945C004F99EC /* String+HPK.swift */; };
		924A7A5E21E9483F00C5D881 /* BaseViewInitializer.swift in Sources */ = {isa = PBXBuildFile; fileRef = 924A7A5D21E9483F00C5D881 /* BaseViewInitializer.swift */; };
		924A7A6321E94E4700C5D881 /* UIView+Helpers.swift in Sources */ = {isa = PBXBuildFile; fileRef = 924A7A6221E94E4700C5D881 /* UIView+Helpers.swift */; };
		924A7A7121EA28BE00C5D881 /* UIFont+Helpers.swift in Sources */ = {isa = PBXBuildFile; fileRef = 924A7A7021EA28BE00C5D881 /* UIFont+Helpers.swift */; };
		924B51DA21CAAC5300A8464B /* AppDelegate.swift in Sources */ = {isa = PBXBuildFile; fileRef = 924B51D921CAAC5300A8464B /* AppDelegate.swift */; };
		924B51DC21CAAC5300A8464B /* ViewController.swift in Sources */ = {isa = PBXBuildFile; fileRef = 924B51DB21CAAC5300A8464B /* ViewController.swift */; };
		924B51DF21CAAC5300A8464B /* Main.storyboard in Resources */ = {isa = PBXBuildFile; fileRef = 924B51DD21CAAC5300A8464B /* Main.storyboard */; };
		924B51E121CAAC5400A8464B /* Assets.xcassets in Resources */ = {isa = PBXBuildFile; fileRef = 924B51E021CAAC5400A8464B /* Assets.xcassets */; };
		924B51E421CAAC5400A8464B /* LaunchScreen.storyboard in Resources */ = {isa = PBXBuildFile; fileRef = 924B51E221CAAC5400A8464B /* LaunchScreen.storyboard */; };
		924B51F621CAAED200A8464B /* HPFontConfig.swift in Sources */ = {isa = PBXBuildFile; fileRef = 924B51EE21CAAED200A8464B /* HPFontConfig.swift */; };
		924B51F721CAAED200A8464B /* HPComponentConfig.swift in Sources */ = {isa = PBXBuildFile; fileRef = 924B51EF21CAAED200A8464B /* HPComponentConfig.swift */; };
		924B51F921CAAED200A8464B /* HPColorConfig.swift in Sources */ = {isa = PBXBuildFile; fileRef = 924B51F121CAAED200A8464B /* HPColorConfig.swift */; };
		924B51FB21CAAED200A8464B /* HPTextStyle.swift in Sources */ = {isa = PBXBuildFile; fileRef = 924B51F321CAAED200A8464B /* HPTextStyle.swift */; };
		926F825721DBB48C00E72CBC /* HPButton.swift in Sources */ = {isa = PBXBuildFile; fileRef = 926F825621DBB48C00E72CBC /* HPButton.swift */; };
		92CFF99B21CAB6E00052CE86 /* SKLayer.swift in Sources */ = {isa = PBXBuildFile; fileRef = 92CFF99A21CAB6E00052CE86 /* SKLayer.swift */; };
		92D5513C21D77F1F00E52882 /* HPColor.swift in Sources */ = {isa = PBXBuildFile; fileRef = 92D5513B21D77F1F00E52882 /* HPColor.swift */; };
		92D5513E21D77F5E00E52882 /* HPFont.swift in Sources */ = {isa = PBXBuildFile; fileRef = 92D5513D21D77F5E00E52882 /* HPFont.swift */; };
		92D5514221D799FB00E52882 /* SKImportable.swift in Sources */ = {isa = PBXBuildFile; fileRef = 92D5514121D799FB00E52882 /* SKImportable.swift */; };
		92D5521621DB8AB000E52882 /* HPPathPoint.swift in Sources */ = {isa = PBXBuildFile; fileRef = 92D5521521DB8AAF00E52882 /* HPPathPoint.swift */; };
		92D5521821DB8B2B00E52882 /* NSView+Layout.swift in Sources */ = {isa = PBXBuildFile; fileRef = 92D5521721DB8B2B00E52882 /* NSView+Layout.swift */; };
		92D5524421DBAD4000E52882 /* TextDescriptor.swift in Sources */ = {isa = PBXBuildFile; fileRef = 92D5523C21DBAD4000E52882 /* TextDescriptor.swift */; };
		92D5524521DBAD4000E52882 /* View+TextLayout.swift in Sources */ = {isa = PBXBuildFile; fileRef = 92D5523D21DBAD4000E52882 /* View+TextLayout.swift */; };
		92D5524621DBAD4000E52882 /* TextAttributes.swift in Sources */ = {isa = PBXBuildFile; fileRef = 92D5523E21DBAD4000E52882 /* TextAttributes.swift */; };
		92D5524721DBAD4000E52882 /* TextStyleManager.swift in Sources */ = {isa = PBXBuildFile; fileRef = 92D5523F21DBAD4000E52882 /* TextStyleManager.swift */; };
		92D5524821DBAD4000E52882 /* TextStyle.swift in Sources */ = {isa = PBXBuildFile; fileRef = 92D5524021DBAD4000E52882 /* TextStyle.swift */; };
		92D5524921DBAD4000E52882 /* UIFont+Utils.swift in Sources */ = {isa = PBXBuildFile; fileRef = 92D5524121DBAD4000E52882 /* UIFont+Utils.swift */; };
		92D5524A21DBAD4000E52882 /* TextMetricsCache.swift in Sources */ = {isa = PBXBuildFile; fileRef = 92D5524221DBAD4000E52882 /* TextMetricsCache.swift */; };
		92D5524B21DBAD4000E52882 /* NSLayoutConstraint+TextLayout.swift in Sources */ = {isa = PBXBuildFile; fileRef = 92D5524321DBAD4000E52882 /* NSLayoutConstraint+TextLayout.swift */; };
		92D5524D21DBADFF00E52882 /* Geometry.swift in Sources */ = {isa = PBXBuildFile; fileRef = 92D5524C21DBADFE00E52882 /* Geometry.swift */; };
/* End PBXBuildFile section */

/* Begin PBXFileReference section */
		5E9EAEC3F78CCEBEF440726D /* Pods-HappyPathKit.debug.xcconfig */ = {isa = PBXFileReference; includeInIndex = 1; lastKnownFileType = text.xcconfig; name = "Pods-HappyPathKit.debug.xcconfig"; path = "Pods/Target Support Files/Pods-HappyPathKit/Pods-HappyPathKit.debug.xcconfig"; sourceTree = "<group>"; };
		921E3B7E21D77D1A00EB58AC /* HPPage.swift */ = {isa = PBXFileReference; fileEncoding = 4; lastKnownFileType = sourcecode.swift; path = HPPage.swift; sourceTree = "<group>"; };
		9226CF8121CDB24800DBB143 /* HPConstraint.swift */ = {isa = PBXFileReference; fileEncoding = 4; lastKnownFileType = sourcecode.swift; path = HPConstraint.swift; sourceTree = "<group>"; };
		9226CF9521CEC0E300DBB143 /* HPLayoutFactory.swift */ = {isa = PBXFileReference; lastKnownFileType = sourcecode.swift; path = HPLayoutFactory.swift; sourceTree = "<group>"; };
		9226CF9721CEC0F200DBB143 /* HPViewLayout.swift */ = {isa = PBXFileReference; lastKnownFileType = sourcecode.swift; path = HPViewLayout.swift; sourceTree = "<group>"; };
		9226CFA721CEC53E00DBB143 /* HPViewConstraint.swift */ = {isa = PBXFileReference; lastKnownFileType = sourcecode.swift; path = HPViewConstraint.swift; sourceTree = "<group>"; };
		9226CFDD21D04E0200DBB143 /* HPBorder.swift */ = {isa = PBXFileReference; fileEncoding = 4; lastKnownFileType = sourcecode.swift; path = HPBorder.swift; sourceTree = "<group>"; };
		9226CFDF21D04E0200DBB143 /* HPLayerTransformer.swift */ = {isa = PBXFileReference; fileEncoding = 4; lastKnownFileType = sourcecode.swift; path = HPLayerTransformer.swift; sourceTree = "<group>"; };
		9226CFE121D04E0200DBB143 /* HPStop.swift */ = {isa = PBXFileReference; fileEncoding = 4; lastKnownFileType = sourcecode.swift; path = HPStop.swift; sourceTree = "<group>"; };
		9226CFE321D04E0200DBB143 /* HPLayer.swift */ = {isa = PBXFileReference; fileEncoding = 4; lastKnownFileType = sourcecode.swift; path = HPLayer.swift; sourceTree = "<group>"; };
		9226CFE421D04E0200DBB143 /* HPFill.swift */ = {isa = PBXFileReference; fileEncoding = 4; lastKnownFileType = sourcecode.swift; path = HPFill.swift; sourceTree = "<group>"; };
		9226CFE521D04E0200DBB143 /* HPGradient.swift */ = {isa = PBXFileReference; fileEncoding = 4; lastKnownFileType = sourcecode.swift; path = HPGradient.swift; sourceTree = "<group>"; };
		9226CFE821D04E0200DBB143 /* HPStyle.swift */ = {isa = PBXFileReference; fileEncoding = 4; lastKnownFileType = sourcecode.swift; path = HPStyle.swift; sourceTree = "<group>"; };
		9226CFF821D04FD000DBB143 /* HPLayout.swift */ = {isa = PBXFileReference; fileEncoding = 4; lastKnownFileType = sourcecode.swift; path = HPLayout.swift; sourceTree = "<group>"; };
		9226D01E21D17D5300DBB143 /* HPSimpleConstraint.swift */ = {isa = PBXFileReference; lastKnownFileType = sourcecode.swift; path = HPSimpleConstraint.swift; sourceTree = "<group>"; };
		9226D02021D17EA400DBB143 /* HPSimpleProportionalConstraint.swift */ = {isa = PBXFileReference; lastKnownFileType = sourcecode.swift; path = HPSimpleProportionalConstraint.swift; sourceTree = "<group>"; };
		9226D02221D181A000DBB143 /* HPPairedConstraint.swift */ = {isa = PBXFileReference; lastKnownFileType = sourcecode.swift; path = HPPairedConstraint.swift; sourceTree = "<group>"; };
		9226D02421D184D300DBB143 /* HPPairedProportionalConstraint.swift */ = {isa = PBXFileReference; lastKnownFileType = sourcecode.swift; path = HPPairedProportionalConstraint.swift; sourceTree = "<group>"; };
		9228C79321E75937004F99EC /* Swift+Utils.swift */ = {isa = PBXFileReference; fileEncoding = 4; lastKnownFileType = sourcecode.swift; path = "Swift+Utils.swift"; sourceTree = "<group>"; };
		9228C7A521E7945C004F99EC /* String+HPK.swift */ = {isa = PBXFileReference; lastKnownFileType = sourcecode.swift; path = "String+HPK.swift"; sourceTree = "<group>"; };
		924A7A5D21E9483F00C5D881 /* BaseViewInitializer.swift */ = {isa = PBXFileReference; fileEncoding = 4; lastKnownFileType = sourcecode.swift; path = BaseViewInitializer.swift; sourceTree = "<group>"; };
		924A7A6221E94E4700C5D881 /* UIView+Helpers.swift */ = {isa = PBXFileReference; lastKnownFileType = sourcecode.swift; path = "UIView+Helpers.swift"; sourceTree = "<group>"; };
		924A7A7021EA28BE00C5D881 /* UIFont+Helpers.swift */ = {isa = PBXFileReference; lastKnownFileType = sourcecode.swift; path = "UIFont+Helpers.swift"; sourceTree = "<group>"; };
		924B51D621CAAC5300A8464B /* HappyPathKit.app */ = {isa = PBXFileReference; explicitFileType = wrapper.application; includeInIndex = 0; path = HappyPathKit.app; sourceTree = BUILT_PRODUCTS_DIR; };
		924B51D921CAAC5300A8464B /* AppDelegate.swift */ = {isa = PBXFileReference; lastKnownFileType = sourcecode.swift; path = AppDelegate.swift; sourceTree = "<group>"; };
		924B51DB21CAAC5300A8464B /* ViewController.swift */ = {isa = PBXFileReference; lastKnownFileType = sourcecode.swift; path = ViewController.swift; sourceTree = "<group>"; };
		924B51DE21CAAC5300A8464B /* Base */ = {isa = PBXFileReference; lastKnownFileType = file.storyboard; name = Base; path = Base.lproj/Main.storyboard; sourceTree = "<group>"; };
		924B51E021CAAC5400A8464B /* Assets.xcassets */ = {isa = PBXFileReference; lastKnownFileType = folder.assetcatalog; path = Assets.xcassets; sourceTree = "<group>"; };
		924B51E321CAAC5400A8464B /* Base */ = {isa = PBXFileReference; lastKnownFileType = file.storyboard; name = Base; path = Base.lproj/LaunchScreen.storyboard; sourceTree = "<group>"; };
		924B51E521CAAC5400A8464B /* Info.plist */ = {isa = PBXFileReference; lastKnownFileType = text.plist.xml; path = Info.plist; sourceTree = "<group>"; };
		924B51EE21CAAED200A8464B /* HPFontConfig.swift */ = {isa = PBXFileReference; fileEncoding = 4; lastKnownFileType = sourcecode.swift; path = HPFontConfig.swift; sourceTree = "<group>"; };
		924B51EF21CAAED200A8464B /* HPComponentConfig.swift */ = {isa = PBXFileReference; fileEncoding = 4; lastKnownFileType = sourcecode.swift; path = HPComponentConfig.swift; sourceTree = "<group>"; };
		924B51F121CAAED200A8464B /* HPColorConfig.swift */ = {isa = PBXFileReference; fileEncoding = 4; lastKnownFileType = sourcecode.swift; path = HPColorConfig.swift; sourceTree = "<group>"; };
		924B51F321CAAED200A8464B /* HPTextStyle.swift */ = {isa = PBXFileReference; fileEncoding = 4; lastKnownFileType = sourcecode.swift; path = HPTextStyle.swift; sourceTree = "<group>"; };
		926F825621DBB48C00E72CBC /* HPButton.swift */ = {isa = PBXFileReference; fileEncoding = 4; lastKnownFileType = sourcecode.swift; path = HPButton.swift; sourceTree = "<group>"; };
		92CFF99A21CAB6E00052CE86 /* SKLayer.swift */ = {isa = PBXFileReference; fileEncoding = 4; lastKnownFileType = sourcecode.swift; path = SKLayer.swift; sourceTree = "<group>"; };
		92D5513B21D77F1F00E52882 /* HPColor.swift */ = {isa = PBXFileReference; lastKnownFileType = sourcecode.swift; path = HPColor.swift; sourceTree = "<group>"; };
		92D5513D21D77F5E00E52882 /* HPFont.swift */ = {isa = PBXFileReference; lastKnownFileType = sourcecode.swift; path = HPFont.swift; sourceTree = "<group>"; };
		92D5514121D799FB00E52882 /* SKImportable.swift */ = {isa = PBXFileReference; fileEncoding = 4; lastKnownFileType = sourcecode.swift; path = SKImportable.swift; sourceTree = "<group>"; };
		92D5521521DB8AAF00E52882 /* HPPathPoint.swift */ = {isa = PBXFileReference; fileEncoding = 4; lastKnownFileType = sourcecode.swift; path = HPPathPoint.swift; sourceTree = "<group>"; };
		92D5521721DB8B2B00E52882 /* NSView+Layout.swift */ = {isa = PBXFileReference; fileEncoding = 4; lastKnownFileType = sourcecode.swift; path = "NSView+Layout.swift"; sourceTree = "<group>"; };
		92D5523C21DBAD4000E52882 /* TextDescriptor.swift */ = {isa = PBXFileReference; fileEncoding = 4; lastKnownFileType = sourcecode.swift; path = TextDescriptor.swift; sourceTree = "<group>"; };
		92D5523D21DBAD4000E52882 /* View+TextLayout.swift */ = {isa = PBXFileReference; fileEncoding = 4; lastKnownFileType = sourcecode.swift; path = "View+TextLayout.swift"; sourceTree = "<group>"; };
		92D5523E21DBAD4000E52882 /* TextAttributes.swift */ = {isa = PBXFileReference; fileEncoding = 4; lastKnownFileType = sourcecode.swift; path = TextAttributes.swift; sourceTree = "<group>"; };
		92D5523F21DBAD4000E52882 /* TextStyleManager.swift */ = {isa = PBXFileReference; fileEncoding = 4; lastKnownFileType = sourcecode.swift; path = TextStyleManager.swift; sourceTree = "<group>"; };
		92D5524021DBAD4000E52882 /* TextStyle.swift */ = {isa = PBXFileReference; fileEncoding = 4; lastKnownFileType = sourcecode.swift; path = TextStyle.swift; sourceTree = "<group>"; };
		92D5524121DBAD4000E52882 /* UIFont+Utils.swift */ = {isa = PBXFileReference; fileEncoding = 4; lastKnownFileType = sourcecode.swift; path = "UIFont+Utils.swift"; sourceTree = "<group>"; };
		92D5524221DBAD4000E52882 /* TextMetricsCache.swift */ = {isa = PBXFileReference; fileEncoding = 4; lastKnownFileType = sourcecode.swift; path = TextMetricsCache.swift; sourceTree = "<group>"; };
		92D5524321DBAD4000E52882 /* NSLayoutConstraint+TextLayout.swift */ = {isa = PBXFileReference; fileEncoding = 4; lastKnownFileType = sourcecode.swift; path = "NSLayoutConstraint+TextLayout.swift"; sourceTree = "<group>"; };
		92D5524C21DBADFE00E52882 /* Geometry.swift */ = {isa = PBXFileReference; fileEncoding = 4; lastKnownFileType = sourcecode.swift; path = Geometry.swift; sourceTree = "<group>"; };
		EE5E7820AEFCD95A0CE99568 /* Pods_HappyPathKit.framework */ = {isa = PBXFileReference; explicitFileType = wrapper.framework; includeInIndex = 0; path = Pods_HappyPathKit.framework; sourceTree = BUILT_PRODUCTS_DIR; };
		F220D03FD853B385C5376F08 /* Pods-HappyPathKit.release.xcconfig */ = {isa = PBXFileReference; includeInIndex = 1; lastKnownFileType = text.xcconfig; name = "Pods-HappyPathKit.release.xcconfig"; path = "Pods/Target Support Files/Pods-HappyPathKit/Pods-HappyPathKit.release.xcconfig"; sourceTree = "<group>"; };
/* End PBXFileReference section */

/* Begin PBXFrameworksBuildPhase section */
		924B51D321CAAC5300A8464B /* Frameworks */ = {
			isa = PBXFrameworksBuildPhase;
			buildActionMask = 2147483647;
			files = (
				47A610ED4A12C9098A29FDAF /* Pods_HappyPathKit.framework in Frameworks */,
			);
			runOnlyForDeploymentPostprocessing = 0;
		};
/* End PBXFrameworksBuildPhase section */

/* Begin PBXGroup section */
		0EF6419A12CA1D09A1B8D619 /* Pods */ = {
			isa = PBXGroup;
			children = (
				5E9EAEC3F78CCEBEF440726D /* Pods-HappyPathKit.debug.xcconfig */,
				F220D03FD853B385C5376F08 /* Pods-HappyPathKit.release.xcconfig */,
			);
			name = Pods;
			sourceTree = "<group>";
		};
		2B0299D4EE3A44AEEFC99000 /* Frameworks */ = {
			isa = PBXGroup;
			children = (
				EE5E7820AEFCD95A0CE99568 /* Pods_HappyPathKit.framework */,
			);
			name = Frameworks;
			sourceTree = "<group>";
		};
		921E3B7A21D77A9500EB58AC /* Shared */ = {
			isa = PBXGroup;
			children = (
				9228C7A421E7944A004F99EC /* Extensions */,
				9228C76721E6BE6F004F99EC /* Runtime */,
				92B9DAC821DC184E0097787B /* Config */,
				92D5523B21DBAD4000E52882 /* Text */,
				921E3B8021D77E0400EB58AC /* Interoperability */,
				921E3B7B21D77AAD00EB58AC /* Models */,
				924B51EC21CAAED200A8464B /* Sketch */,
				9226CF9421CEC0C800DBB143 /* Layout */,
			);
			path = Shared;
			sourceTree = "<group>";
		};
		921E3B7B21D77AAD00EB58AC /* Models */ = {
			isa = PBXGroup;
			children = (
				92D5521521DB8AAF00E52882 /* HPPathPoint.swift */,
				921E3B7E21D77D1A00EB58AC /* HPPage.swift */,
				9226CFDD21D04E0200DBB143 /* HPBorder.swift */,
				9226CFDF21D04E0200DBB143 /* HPLayerTransformer.swift */,
				9226CFE121D04E0200DBB143 /* HPStop.swift */,
				9226CFE321D04E0200DBB143 /* HPLayer.swift */,
				9226CFE421D04E0200DBB143 /* HPFill.swift */,
				9226CFE521D04E0200DBB143 /* HPGradient.swift */,
				9226CFE821D04E0200DBB143 /* HPStyle.swift */,
				9228C79321E75937004F99EC /* Swift+Utils.swift */,
			);
			path = Models;
			sourceTree = "<group>";
		};
		921E3B8021D77E0400EB58AC /* Interoperability */ = {
			isa = PBXGroup;
			children = (
				92D5524121DBAD4000E52882 /* UIFont+Utils.swift */,
				92D5523D21DBAD4000E52882 /* View+TextLayout.swift */,
				92D5524C21DBADFE00E52882 /* Geometry.swift */,
				92D5513B21D77F1F00E52882 /* HPColor.swift */,
				92D5513D21D77F5E00E52882 /* HPFont.swift */,
				926F825621DBB48C00E72CBC /* HPButton.swift */,
			);
			path = Interoperability;
			sourceTree = "<group>";
		};
		9226CF9421CEC0C800DBB143 /* Layout */ = {
			isa = PBXGroup;
			children = (
				92D5521721DB8B2B00E52882 /* NSView+Layout.swift */,
				9226CF9521CEC0E300DBB143 /* HPLayoutFactory.swift */,
				9226CF9721CEC0F200DBB143 /* HPViewLayout.swift */,
				9226D01E21D17D5300DBB143 /* HPSimpleConstraint.swift */,
				9226D02021D17EA400DBB143 /* HPSimpleProportionalConstraint.swift */,
				9226D02221D181A000DBB143 /* HPPairedConstraint.swift */,
				9226D02421D184D300DBB143 /* HPPairedProportionalConstraint.swift */,
				9226CFA721CEC53E00DBB143 /* HPViewConstraint.swift */,
			);
			path = Layout;
			sourceTree = "<group>";
		};
		9226CFDB21D04E0200DBB143 /* iOS */ = {
			isa = PBXGroup;
			children = (
			);
			path = iOS;
			sourceTree = "<group>";
		};
		9228C76721E6BE6F004F99EC /* Runtime */ = {
			isa = PBXGroup;
			children = (
				924A7A6121E94E3100C5D881 /* Extensions */,
				9228C78C21E754A4004F99EC /* Initializers */,
				9228C78B21E75312004F99EC /* Models */,
			);
			path = Runtime;
			sourceTree = "<group>";
		};
		9228C78B21E75312004F99EC /* Models */ = {
			isa = PBXGroup;
			children = (
			);
			path = Models;
			sourceTree = "<group>";
		};
		9228C78C21E754A4004F99EC /* Initializers */ = {
			isa = PBXGroup;
			children = (
				924A7A5D21E9483F00C5D881 /* BaseViewInitializer.swift */,
			);
			path = Initializers;
			sourceTree = "<group>";
		};
		9228C7A421E7944A004F99EC /* Extensions */ = {
			isa = PBXGroup;
			children = (
				9228C7A521E7945C004F99EC /* String+HPK.swift */,
			);
			path = Extensions;
			sourceTree = "<group>";
		};
		924A7A6121E94E3100C5D881 /* Extensions */ = {
			isa = PBXGroup;
			children = (
				924A7A6221E94E4700C5D881 /* UIView+Helpers.swift */,
				924A7A7021EA28BE00C5D881 /* UIFont+Helpers.swift */,
			);
			path = Extensions;
			sourceTree = "<group>";
		};
		924B51CD21CAAC5300A8464B = {
			isa = PBXGroup;
			children = (
				924B51D821CAAC5300A8464B /* HappyPathKit */,
				924B51D721CAAC5300A8464B /* Products */,
				0EF6419A12CA1D09A1B8D619 /* Pods */,
				2B0299D4EE3A44AEEFC99000 /* Frameworks */,
			);
			sourceTree = "<group>";
		};
		924B51D721CAAC5300A8464B /* Products */ = {
			isa = PBXGroup;
			children = (
				924B51D621CAAC5300A8464B /* HappyPathKit.app */,
			);
			name = Products;
			sourceTree = "<group>";
		};
		924B51D821CAAC5300A8464B /* HappyPathKit */ = {
			isa = PBXGroup;
			children = (
				924B51EB21CAAEA100A8464B /* Source */,
				924B51D921CAAC5300A8464B /* AppDelegate.swift */,
				924B51DB21CAAC5300A8464B /* ViewController.swift */,
				924B51DD21CAAC5300A8464B /* Main.storyboard */,
				924B51E021CAAC5400A8464B /* Assets.xcassets */,
				924B51E221CAAC5400A8464B /* LaunchScreen.storyboard */,
				924B51E521CAAC5400A8464B /* Info.plist */,
			);
			path = HappyPathKit;
			sourceTree = "<group>";
		};
		924B51EB21CAAEA100A8464B /* Source */ = {
			isa = PBXGroup;
			children = (
				921E3B7A21D77A9500EB58AC /* Shared */,
				9226CFDB21D04E0200DBB143 /* iOS */,
			);
			name = Source;
			path = ../Source;
			sourceTree = "<group>";
		};
		924B51EC21CAAED200A8464B /* Sketch */ = {
			isa = PBXGroup;
			children = (
				92CFF99A21CAB6E00052CE86 /* SKLayer.swift */,
				92D5514121D799FB00E52882 /* SKImportable.swift */,
			);
			path = Sketch;
			sourceTree = "<group>";
		};
		92B9DAC821DC184E0097787B /* Config */ = {
			isa = PBXGroup;
			children = (
				924B51EE21CAAED200A8464B /* HPFontConfig.swift */,
				924B51EF21CAAED200A8464B /* HPComponentConfig.swift */,
				924B51F121CAAED200A8464B /* HPColorConfig.swift */,
				924B51F321CAAED200A8464B /* HPTextStyle.swift */,
				9226CFF821D04FD000DBB143 /* HPLayout.swift */,
				9226CF8121CDB24800DBB143 /* HPConstraint.swift */,
			);
			path = Config;
			sourceTree = "<group>";
		};
		92D5523B21DBAD4000E52882 /* Text */ = {
			isa = PBXGroup;
			children = (
				92D5523C21DBAD4000E52882 /* TextDescriptor.swift */,
				92D5523E21DBAD4000E52882 /* TextAttributes.swift */,
				92D5523F21DBAD4000E52882 /* TextStyleManager.swift */,
				92D5524021DBAD4000E52882 /* TextStyle.swift */,
				92D5524221DBAD4000E52882 /* TextMetricsCache.swift */,
				92D5524321DBAD4000E52882 /* NSLayoutConstraint+TextLayout.swift */,
			);
			path = Text;
			sourceTree = "<group>";
		};
/* End PBXGroup section */

/* Begin PBXNativeTarget section */
		924B51D521CAAC5300A8464B /* HappyPathKit */ = {
			isa = PBXNativeTarget;
			buildConfigurationList = 924B51E821CAAC5400A8464B /* Build configuration list for PBXNativeTarget "HappyPathKit" */;
			buildPhases = (
				A52DB005DD5CB295D09FE17D /* [CP] Check Pods Manifest.lock */,
				924B51D221CAAC5300A8464B /* Sources */,
				924B51D321CAAC5300A8464B /* Frameworks */,
				924B51D421CAAC5300A8464B /* Resources */,
				14FEAB6C3079593D30A979CA /* [CP] Embed Pods Frameworks */,
				2CA097B32827D8F9DC356F59 /* [CP] Copy Pods Resources */,
			);
			buildRules = (
			);
			dependencies = (
			);
			name = HappyPathKit;
			productName = HappyPathKit;
			productReference = 924B51D621CAAC5300A8464B /* HappyPathKit.app */;
			productType = "com.apple.product-type.application";
		};
/* End PBXNativeTarget section */

/* Begin PBXProject section */
		924B51CE21CAAC5300A8464B /* Project object */ = {
			isa = PBXProject;
			attributes = {
				LastSwiftUpdateCheck = 1010;
				LastUpgradeCheck = 1010;
				ORGANIZATIONNAME = "Pixelbleed LLC";
				TargetAttributes = {
					924B51D521CAAC5300A8464B = {
						CreatedOnToolsVersion = 10.1;
					};
				};
			};
			buildConfigurationList = 924B51D121CAAC5300A8464B /* Build configuration list for PBXProject "HappyPathKit" */;
			compatibilityVersion = "Xcode 9.3";
			developmentRegion = en;
			hasScannedForEncodings = 0;
			knownRegions = (
				en,
				Base,
			);
			mainGroup = 924B51CD21CAAC5300A8464B;
			productRefGroup = 924B51D721CAAC5300A8464B /* Products */;
			projectDirPath = "";
			projectRoot = "";
			targets = (
				924B51D521CAAC5300A8464B /* HappyPathKit */,
			);
		};
/* End PBXProject section */

/* Begin PBXResourcesBuildPhase section */
		924B51D421CAAC5300A8464B /* Resources */ = {
			isa = PBXResourcesBuildPhase;
			buildActionMask = 2147483647;
			files = (
				924B51E421CAAC5400A8464B /* LaunchScreen.storyboard in Resources */,
				924B51E121CAAC5400A8464B /* Assets.xcassets in Resources */,
				924B51DF21CAAC5300A8464B /* Main.storyboard in Resources */,
			);
			runOnlyForDeploymentPostprocessing = 0;
		};
/* End PBXResourcesBuildPhase section */

/* Begin PBXShellScriptBuildPhase section */
		14FEAB6C3079593D30A979CA /* [CP] Embed Pods Frameworks */ = {
			isa = PBXShellScriptBuildPhase;
			buildActionMask = 2147483647;
			files = (
			);
			inputPaths = (
				"${SRCROOT}/Pods/Target Support Files/Pods-HappyPathKit/Pods-HappyPathKit-frameworks.sh",
				"${BUILT_PRODUCTS_DIR}/Cache/Cache.framework",
			);
			name = "[CP] Embed Pods Frameworks";
			outputPaths = (
				"${TARGET_BUILD_DIR}/${FRAMEWORKS_FOLDER_PATH}/Cache.framework",
			);
			runOnlyForDeploymentPostprocessing = 0;
			shellPath = /bin/sh;
			shellScript = "\"${SRCROOT}/Pods/Target Support Files/Pods-HappyPathKit/Pods-HappyPathKit-frameworks.sh\"\n";
			showEnvVarsInLog = 0;
		};
		2CA097B32827D8F9DC356F59 /* [CP] Copy Pods Resources */ = {
			isa = PBXShellScriptBuildPhase;
			buildActionMask = 2147483647;
			files = (
			);
			inputPaths = (
			);
			name = "[CP] Copy Pods Resources";
			outputPaths = (
			);
			runOnlyForDeploymentPostprocessing = 0;
			shellPath = /bin/sh;
			shellScript = "\"${SRCROOT}/Pods/Target Support Files/Pods-HappyPathKit/Pods-HappyPathKit-resources.sh\"\n";
			showEnvVarsInLog = 0;
		};
		A52DB005DD5CB295D09FE17D /* [CP] Check Pods Manifest.lock */ = {
			isa = PBXShellScriptBuildPhase;
			buildActionMask = 2147483647;
			files = (
			);
			inputPaths = (
				"${PODS_PODFILE_DIR_PATH}/Podfile.lock",
				"${PODS_ROOT}/Manifest.lock",
			);
			name = "[CP] Check Pods Manifest.lock";
			outputPaths = (
				"$(DERIVED_FILE_DIR)/Pods-HappyPathKit-checkManifestLockResult.txt",
			);
			runOnlyForDeploymentPostprocessing = 0;
			shellPath = /bin/sh;
			shellScript = "diff \"${PODS_PODFILE_DIR_PATH}/Podfile.lock\" \"${PODS_ROOT}/Manifest.lock\" > /dev/null\nif [ $? != 0 ] ; then\n    # print error to STDERR\n    echo \"error: The sandbox is not in sync with the Podfile.lock. Run 'pod install' or update your CocoaPods installation.\" >&2\n    exit 1\nfi\n# This output is used by Xcode 'outputs' to avoid re-running this script phase.\necho \"SUCCESS\" > \"${SCRIPT_OUTPUT_FILE_0}\"\n";
			showEnvVarsInLog = 0;
		};
/* End PBXShellScriptBuildPhase section */

/* Begin PBXSourcesBuildPhase section */
		924B51D221CAAC5300A8464B /* Sources */ = {
			isa = PBXSourcesBuildPhase;
			buildActionMask = 2147483647;
			files = (
				92D5524821DBAD4000E52882 /* TextStyle.swift in Sources */,
				92D5524721DBAD4000E52882 /* TextStyleManager.swift in Sources */,
				924B51FB21CAAED200A8464B /* HPTextStyle.swift in Sources */,
				9226CFF921D04FD000DBB143 /* HPLayout.swift in Sources */,
				92D5521621DB8AB000E52882 /* HPPathPoint.swift in Sources */,
				9226D02521D184D300DBB143 /* HPPairedProportionalConstraint.swift in Sources */,
				92D5513E21D77F5E00E52882 /* HPFont.swift in Sources */,
				924A7A6321E94E4700C5D881 /* UIView+Helpers.swift in Sources */,
				9226CF9621CEC0E300DBB143 /* HPLayoutFactory.swift in Sources */,
				92D5513C21D77F1F00E52882 /* HPColor.swift in Sources */,
				926F825721DBB48C00E72CBC /* HPButton.swift in Sources */,
				9226CFEC21D04E0300DBB143 /* HPLayerTransformer.swift in Sources */,
				92D5524A21DBAD4000E52882 /* TextMetricsCache.swift in Sources */,
				924B51DC21CAAC5300A8464B /* ViewController.swift in Sources */,
				9226CF8421CDB24800DBB143 /* HPConstraint.swift in Sources */,
				9226CFEA21D04E0300DBB143 /* HPBorder.swift in Sources */,
				92D5514221D799FB00E52882 /* SKImportable.swift in Sources */,
				9226D02321D181A000DBB143 /* HPPairedConstraint.swift in Sources */,
				9226CFA821CEC53E00DBB143 /* HPViewConstraint.swift in Sources */,
				924B51DA21CAAC5300A8464B /* AppDelegate.swift in Sources */,
				9226D02121D17EA400DBB143 /* HPSimpleProportionalConstraint.swift in Sources */,
				9226CFF121D04E0300DBB143 /* HPFill.swift in Sources */,
				92D5524B21DBAD4000E52882 /* NSLayoutConstraint+TextLayout.swift in Sources */,
				9226CFEE21D04E0300DBB143 /* HPStop.swift in Sources */,
				9228C79421E75937004F99EC /* Swift+Utils.swift in Sources */,
				92D5524421DBAD4000E52882 /* TextDescriptor.swift in Sources */,
				924A7A7121EA28BE00C5D881 /* UIFont+Helpers.swift in Sources */,
				92CFF99B21CAB6E00052CE86 /* SKLayer.swift in Sources */,
				9226CF9821CEC0F200DBB143 /* HPViewLayout.swift in Sources */,
				9226CFF521D04E0300DBB143 /* HPStyle.swift in Sources */,
				924A7A5E21E9483F00C5D881 /* BaseViewInitializer.swift in Sources */,
				9226D01F21D17D5300DBB143 /* HPSimpleConstraint.swift in Sources */,
				924B51F621CAAED200A8464B /* HPFontConfig.swift in Sources */,
				9228C7A621E7945C004F99EC /* String+HPK.swift in Sources */,
				92D5524D21DBADFF00E52882 /* Geometry.swift in Sources */,
				92D5524521DBAD4000E52882 /* View+TextLayout.swift in Sources */,
				924B51F921CAAED200A8464B /* HPColorConfig.swift in Sources */,
				92D5524921DBAD4000E52882 /* UIFont+Utils.swift in Sources */,
				9226CFF021D04E0300DBB143 /* HPLayer.swift in Sources */,
				924B51F721CAAED200A8464B /* HPComponentConfig.swift in Sources */,
				9226CFF221D04E0300DBB143 /* HPGradient.swift in Sources */,
				92D5521821DB8B2B00E52882 /* NSView+Layout.swift in Sources */,
				921E3B7F21D77D1A00EB58AC /* HPPage.swift in Sources */,
				92D5524621DBAD4000E52882 /* TextAttributes.swift in Sources */,
			);
			runOnlyForDeploymentPostprocessing = 0;
		};
/* End PBXSourcesBuildPhase section */

/* Begin PBXVariantGroup section */
		924B51DD21CAAC5300A8464B /* Main.storyboard */ = {
			isa = PBXVariantGroup;
			children = (
				924B51DE21CAAC5300A8464B /* Base */,
			);
			name = Main.storyboard;
			sourceTree = "<group>";
		};
		924B51E221CAAC5400A8464B /* LaunchScreen.storyboard */ = {
			isa = PBXVariantGroup;
			children = (
				924B51E321CAAC5400A8464B /* Base */,
			);
			name = LaunchScreen.storyboard;
			sourceTree = "<group>";
		};
/* End PBXVariantGroup section */

/* Begin XCBuildConfiguration section */
		924B51E621CAAC5400A8464B /* Debug */ = {
			isa = XCBuildConfiguration;
			buildSettings = {
				ALWAYS_SEARCH_USER_PATHS = NO;
				CLANG_ANALYZER_NONNULL = YES;
				CLANG_ANALYZER_NUMBER_OBJECT_CONVERSION = YES_AGGRESSIVE;
				CLANG_CXX_LANGUAGE_STANDARD = "gnu++14";
				CLANG_CXX_LIBRARY = "libc++";
				CLANG_ENABLE_MODULES = YES;
				CLANG_ENABLE_OBJC_ARC = YES;
				CLANG_ENABLE_OBJC_WEAK = YES;
				CLANG_WARN_BLOCK_CAPTURE_AUTORELEASING = YES;
				CLANG_WARN_BOOL_CONVERSION = YES;
				CLANG_WARN_COMMA = YES;
				CLANG_WARN_CONSTANT_CONVERSION = YES;
				CLANG_WARN_DEPRECATED_OBJC_IMPLEMENTATIONS = YES;
				CLANG_WARN_DIRECT_OBJC_ISA_USAGE = YES_ERROR;
				CLANG_WARN_DOCUMENTATION_COMMENTS = YES;
				CLANG_WARN_EMPTY_BODY = YES;
				CLANG_WARN_ENUM_CONVERSION = YES;
				CLANG_WARN_INFINITE_RECURSION = YES;
				CLANG_WARN_INT_CONVERSION = YES;
				CLANG_WARN_NON_LITERAL_NULL_CONVERSION = YES;
				CLANG_WARN_OBJC_IMPLICIT_RETAIN_SELF = YES;
				CLANG_WARN_OBJC_LITERAL_CONVERSION = YES;
				CLANG_WARN_OBJC_ROOT_CLASS = YES_ERROR;
				CLANG_WARN_RANGE_LOOP_ANALYSIS = YES;
				CLANG_WARN_STRICT_PROTOTYPES = YES;
				CLANG_WARN_SUSPICIOUS_MOVE = YES;
				CLANG_WARN_UNGUARDED_AVAILABILITY = YES_AGGRESSIVE;
				CLANG_WARN_UNREACHABLE_CODE = YES;
				CLANG_WARN__DUPLICATE_METHOD_MATCH = YES;
				CODE_SIGN_IDENTITY = "iPhone Developer";
				COPY_PHASE_STRIP = NO;
				DEBUG_INFORMATION_FORMAT = dwarf;
				ENABLE_STRICT_OBJC_MSGSEND = YES;
				ENABLE_TESTABILITY = YES;
				GCC_C_LANGUAGE_STANDARD = gnu11;
				GCC_DYNAMIC_NO_PIC = NO;
				GCC_NO_COMMON_BLOCKS = YES;
				GCC_OPTIMIZATION_LEVEL = 0;
				GCC_PREPROCESSOR_DEFINITIONS = (
					"DEBUG=1",
					"$(inherited)",
				);
				GCC_WARN_64_TO_32_BIT_CONVERSION = YES;
				GCC_WARN_ABOUT_RETURN_TYPE = YES_ERROR;
				GCC_WARN_UNDECLARED_SELECTOR = YES;
				GCC_WARN_UNINITIALIZED_AUTOS = YES_AGGRESSIVE;
				GCC_WARN_UNUSED_FUNCTION = YES;
				GCC_WARN_UNUSED_VARIABLE = YES;
				IPHONEOS_DEPLOYMENT_TARGET = 12.1;
				MTL_ENABLE_DEBUG_INFO = INCLUDE_SOURCE;
				MTL_FAST_MATH = YES;
				ONLY_ACTIVE_ARCH = YES;
				SDKROOT = iphoneos;
				SWIFT_ACTIVE_COMPILATION_CONDITIONS = DEBUG;
				SWIFT_OPTIMIZATION_LEVEL = "-Onone";
			};
			name = Debug;
		};
		924B51E721CAAC5400A8464B /* Release */ = {
			isa = XCBuildConfiguration;
			buildSettings = {
				ALWAYS_SEARCH_USER_PATHS = NO;
				CLANG_ANALYZER_NONNULL = YES;
				CLANG_ANALYZER_NUMBER_OBJECT_CONVERSION = YES_AGGRESSIVE;
				CLANG_CXX_LANGUAGE_STANDARD = "gnu++14";
				CLANG_CXX_LIBRARY = "libc++";
				CLANG_ENABLE_MODULES = YES;
				CLANG_ENABLE_OBJC_ARC = YES;
				CLANG_ENABLE_OBJC_WEAK = YES;
				CLANG_WARN_BLOCK_CAPTURE_AUTORELEASING = YES;
				CLANG_WARN_BOOL_CONVERSION = YES;
				CLANG_WARN_COMMA = YES;
				CLANG_WARN_CONSTANT_CONVERSION = YES;
				CLANG_WARN_DEPRECATED_OBJC_IMPLEMENTATIONS = YES;
				CLANG_WARN_DIRECT_OBJC_ISA_USAGE = YES_ERROR;
				CLANG_WARN_DOCUMENTATION_COMMENTS = YES;
				CLANG_WARN_EMPTY_BODY = YES;
				CLANG_WARN_ENUM_CONVERSION = YES;
				CLANG_WARN_INFINITE_RECURSION = YES;
				CLANG_WARN_INT_CONVERSION = YES;
				CLANG_WARN_NON_LITERAL_NULL_CONVERSION = YES;
				CLANG_WARN_OBJC_IMPLICIT_RETAIN_SELF = YES;
				CLANG_WARN_OBJC_LITERAL_CONVERSION = YES;
				CLANG_WARN_OBJC_ROOT_CLASS = YES_ERROR;
				CLANG_WARN_RANGE_LOOP_ANALYSIS = YES;
				CLANG_WARN_STRICT_PROTOTYPES = YES;
				CLANG_WARN_SUSPICIOUS_MOVE = YES;
				CLANG_WARN_UNGUARDED_AVAILABILITY = YES_AGGRESSIVE;
				CLANG_WARN_UNREACHABLE_CODE = YES;
				CLANG_WARN__DUPLICATE_METHOD_MATCH = YES;
				CODE_SIGN_IDENTITY = "iPhone Developer";
				COPY_PHASE_STRIP = NO;
				DEBUG_INFORMATION_FORMAT = "dwarf-with-dsym";
				ENABLE_NS_ASSERTIONS = NO;
				ENABLE_STRICT_OBJC_MSGSEND = YES;
				GCC_C_LANGUAGE_STANDARD = gnu11;
				GCC_NO_COMMON_BLOCKS = YES;
				GCC_WARN_64_TO_32_BIT_CONVERSION = YES;
				GCC_WARN_ABOUT_RETURN_TYPE = YES_ERROR;
				GCC_WARN_UNDECLARED_SELECTOR = YES;
				GCC_WARN_UNINITIALIZED_AUTOS = YES_AGGRESSIVE;
				GCC_WARN_UNUSED_FUNCTION = YES;
				GCC_WARN_UNUSED_VARIABLE = YES;
				IPHONEOS_DEPLOYMENT_TARGET = 12.1;
				MTL_ENABLE_DEBUG_INFO = NO;
				MTL_FAST_MATH = YES;
				SDKROOT = iphoneos;
				SWIFT_COMPILATION_MODE = wholemodule;
				SWIFT_OPTIMIZATION_LEVEL = "-O";
				VALIDATE_PRODUCT = YES;
			};
			name = Release;
		};
		924B51E921CAAC5400A8464B /* Debug */ = {
			isa = XCBuildConfiguration;
			baseConfigurationReference = 5E9EAEC3F78CCEBEF440726D /* Pods-HappyPathKit.debug.xcconfig */;
			buildSettings = {
				ASSETCATALOG_COMPILER_APPICON_NAME = AppIcon;
				CODE_SIGN_STYLE = Automatic;
				DEVELOPMENT_TEAM = 5ES339A7SN;
				INFOPLIST_FILE = HappyPathKit/Info.plist;
				LD_RUNPATH_SEARCH_PATHS = (
					"$(inherited)",
					"@executable_path/Frameworks",
				);
				PRODUCT_BUNDLE_IDENTIFIER = com.pixelbleed.HappyPathKit;
				PRODUCT_NAME = "$(TARGET_NAME)";
				SWIFT_VERSION = 4.2;
				TARGETED_DEVICE_FAMILY = "1,2";
			};
			name = Debug;
		};
		924B51EA21CAAC5400A8464B /* Release */ = {
			isa = XCBuildConfiguration;
			baseConfigurationReference = F220D03FD853B385C5376F08 /* Pods-HappyPathKit.release.xcconfig */;
			buildSettings = {
				ASSETCATALOG_COMPILER_APPICON_NAME = AppIcon;
				CODE_SIGN_STYLE = Automatic;
				DEVELOPMENT_TEAM = 5ES339A7SN;
				INFOPLIST_FILE = HappyPathKit/Info.plist;
				LD_RUNPATH_SEARCH_PATHS = (
					"$(inherited)",
					"@executable_path/Frameworks",
				);
				PRODUCT_BUNDLE_IDENTIFIER = com.pixelbleed.HappyPathKit;
				PRODUCT_NAME = "$(TARGET_NAME)";
				SWIFT_VERSION = 4.2;
				TARGETED_DEVICE_FAMILY = "1,2";
			};
			name = Release;
		};
/* End XCBuildConfiguration section */

/* Begin XCConfigurationList section */
		924B51D121CAAC5300A8464B /* Build configuration list for PBXProject "HappyPathKit" */ = {
			isa = XCConfigurationList;
			buildConfigurations = (
				924B51E621CAAC5400A8464B /* Debug */,
				924B51E721CAAC5400A8464B /* Release */,
			);
			defaultConfigurationIsVisible = 0;
			defaultConfigurationName = Release;
		};
		924B51E821CAAC5400A8464B /* Build configuration list for PBXNativeTarget "HappyPathKit" */ = {
			isa = XCConfigurationList;
			buildConfigurations = (
				924B51E921CAAC5400A8464B /* Debug */,
				924B51EA21CAAC5400A8464B /* Release */,
			);
			defaultConfigurationIsVisible = 0;
			defaultConfigurationName = Release;
		};
/* End XCConfigurationList section */
	};
	rootObject = 924B51CE21CAAC5300A8464B /* Project object */;
}
